
Microsoft Visual Studio Solution File, Format Version 12.00
# Visual Studio Version 16
VisualStudioVersion = 16.0.32630.194
MinimumVisualStudioVersion = 10.0.40219.1
Project("{FAE04EC0-301F-11D3-BF4B-00C04F79EFBC}") = "Test", "Test\Test.csproj", "{6156719D-E127-47B0-ABBB-A8893195A257}"
EndProject
Global
	GlobalSection(SolutionConfigurationPlatforms) = preSolution
		Debug|Any CPU = Debug|Any CPU
		Release|Any CPU = Release|Any CPU
	EndGlobalSection
	GlobalSection(ProjectConfigurationPlatforms) = postSolution
		{6156719D-E127-47B0-ABBB-A8893195A257}.Debug|Any CPU.ActiveCfg = Debug|Any CPU
		{6156719D-E127-47B0-ABBB-A8893195A257}.Debug|Any CPU.Build.0 = Debug|Any CPU
		{6156719D-E127-47B0-ABBB-A8893195A257}.Release|Any CPU.ActiveCfg = Release|Any CPU
		{6156719D-E127-47B0-ABBB-A8893195A257}.Release|Any CPU.Build.0 = Release|Any CPU
	EndGlobalSection
	GlobalSection(SolutionProperties) = preSolution
		HideSolutionNode = FALSE
	EndGlobalSection
	GlobalSection(ExtensibilityGlobals) = postSolution
		SolutionGuid = {8480B720-7CE0-4BFE-9ABE-C20AFD0C9829}
	EndGlobalSection
EndGlobal
